<?xml version="1.0" encoding="utf-8"?>
<Project ToolsVersion="4.0" xmlns="http://schemas.microsoft.com/developer/msbuild/2003">
  <ItemGroup>
    <Filter Include="Source Files">
      <UniqueIdentifier>{4FC737F1-C7A5-4376-A066-2A32D752A2FF}</UniqueIdentifier>
      <Extensions>cpp;c;cc;cxx;def;odl;idl;hpj;bat;asm;asmx</Extensions>
    </Filter>
    <Filter Include="Header Files">
      <UniqueIdentifier>{93995380-89BD-4b04-88EB-625FBE52EBFB}</UniqueIdentifier>
      <Extensions>h;hh;hpp;hxx;hm;inl;inc;ipp;xsd</Extensions>
    </Filter>
    <Filter Include="Components">
      <UniqueIdentifier>{f3c676bd-3073-4b33-90e1-c32a4c0712da}</UniqueIdentifier>
    </Filter>
    <Filter Include="Events">
      <UniqueIdentifier>{614f55a3-c1e8-4ced-b3dc-9cf7377b0cec}</UniqueIdentifier>
    </Filter>
  </ItemGroup>
  <ItemGroup>
    <ClInclude Include="Headers\componentManager.h">
      <Filter>Header Files</Filter>
    </ClInclude>
    <ClInclude Include="Headers\ecsCommon.h">
      <Filter>Header Files</Filter>
    </ClInclude>
    <ClInclude Include="Headers\entityManager.h">
      <Filter>Header Files</Filter>
    </ClInclude>
    <ClInclude Include="Headers\systemManager.h">
      <Filter>Header Files</Filter>
    </ClInclude>
    <ClInclude Include="Headers\idGenerator.h">
      <Filter>Header Files</Filter>
    </ClInclude>
    <ClInclude Include="Headers\event.h">
      <Filter>Header Files</Filter>
    </ClInclude>
    <ClInclude Include="Headers\support.h">
      <Filter>Header Files</Filter>
    </ClInclude>
    <ClInclude Include="Headers\Components\camera.h">
      <Filter>Components</Filter>
    </ClInclude>
    <ClInclude Include="Headers\Components\transformation.h">
      <Filter>Components</Filter>
    </ClInclude>
    <ClInclude Include="Headers\Events\moving.h">
      <Filter>Events</Filter>
    </ClInclude>
    <ClInclude Include="Headers\ecsCoordinator.h">
      <Filter>Header Files</Filter>
    </ClInclude>
    <ClInclude Include="Headers\Components\lightSource.h">
      <Filter>Components</Filter>
    </ClInclude>
    <ClInclude Include="Headers\Events\debug.h">
      <Filter>Events</Filter>
    </ClInclude>
    <ClInclude Include="Headers\Components\rendered.h">
      <Filter>Components</Filter>
    </ClInclude>
    <ClInclude Include="Headers\component.h">
      <Filter>Header Files</Filter>
    </ClInclude>
    <ClInclude Include="Headers\Events\camera.h">
      <Filter>Events</Filter>
    </ClInclude>
  </ItemGroup>
  <ItemGroup>
    <ClCompile Include="Sources\entityManager.cpp">
      <Filter>Source Files</Filter>
    </ClCompile>
    <ClCompile Include="Sources\support.cpp">
      <Filter>Source Files</Filter>
    </ClCompile>
    <ClCompile Include="Sources\coordinator.cpp">
      <Filter>Source Files</Filter>
    </ClCompile>
  </ItemGroup>
</Project>